
Microsoft Visual Studio Solution File, Format Version 12.00
# Visual Studio Version 17
VisualStudioVersion = 17.11.35219.272
MinimumVisualStudioVersion = 10.0.40219.1
Project("{FAE04EC0-301F-11D3-BF4B-00C04F79EFBC}") = "API_AntonioWalls", "API_AntonioWalls\API_AntonioWalls.csproj", "{FE59FAC4-7D76-4113-A112-E33D2380F4C9}"
EndProject
Global
	GlobalSection(SolutionConfigurationPlatforms) = preSolution
		Debug|Any CPU = Debug|Any CPU
		Release|Any CPU = Release|Any CPU
	EndGlobalSection
	GlobalSection(ProjectConfigurationPlatforms) = postSolution
		{FE59FAC4-7D76-4113-A112-E33D2380F4C9}.Debug|Any CPU.ActiveCfg = Debug|Any CPU
		{FE59FAC4-7D76-4113-A112-E33D2380F4C9}.Debug|Any CPU.Build.0 = Debug|Any CPU
		{FE59FAC4-7D76-4113-A112-E33D2380F4C9}.Release|Any CPU.ActiveCfg = Release|Any CPU
		{FE59FAC4-7D76-4113-A112-E33D2380F4C9}.Release|Any CPU.Build.0 = Release|Any CPU
	EndGlobalSection
	GlobalSection(SolutionProperties) = preSolution
		HideSolutionNode = FALSE
	EndGlobalSection
	GlobalSection(ExtensibilityGlobals) = postSolution
		SolutionGuid = {9099D55C-25A0-45C2-AEC1-64DBB1304BB0}
	EndGlobalSection
EndGlobal
